// !$*UTF8*$!
{
	archiveVersion = 1;
	classes = {
	};
	objectVersion = 50;
	objects = {

/* Begin PBXBuildFile section */
		0CFDA3812104843800485B98 /* AppDelegate.swift in Sources */ = {isa = PBXBuildFile; fileRef = 0CFDA3802104843800485B98 /* AppDelegate.swift */; };
		0CFDA3832104843800485B98 /* ViewController.swift in Sources */ = {isa = PBXBuildFile; fileRef = 0CFDA3822104843800485B98 /* ViewController.swift */; };
		0CFDA3862104843800485B98 /* Main.storyboard in Resources */ = {isa = PBXBuildFile; fileRef = 0CFDA3842104843800485B98 /* Main.storyboard */; };
		0CFDA3892104843800485B98 /* DemoCoreData.xcdatamodeld in Sources */ = {isa = PBXBuildFile; fileRef = 0CFDA3872104843800485B98 /* DemoCoreData.xcdatamodeld */; };
		0CFDA38B2104843900485B98 /* Assets.xcassets in Resources */ = {isa = PBXBuildFile; fileRef = 0CFDA38A2104843900485B98 /* Assets.xcassets */; };
		0CFDA38E2104843900485B98 /* LaunchScreen.storyboard in Resources */ = {isa = PBXBuildFile; fileRef = 0CFDA38C2104843900485B98 /* LaunchScreen.storyboard */; };
		0CFDA3992104843900485B98 /* DemoCoreDataTests.swift in Sources */ = {isa = PBXBuildFile; fileRef = 0CFDA3982104843900485B98 /* DemoCoreDataTests.swift */; };
		0CFDA3A42104843900485B98 /* DemoCoreDataUITests.swift in Sources */ = {isa = PBXBuildFile; fileRef = 0CFDA3A32104843900485B98 /* DemoCoreDataUITests.swift */; };
		0CFDA3B2210486FA00485B98 /* EntryCell.swift in Sources */ = {isa = PBXBuildFile; fileRef = 0CFDA3B1210486FA00485B98 /* EntryCell.swift */; };
		0CFDA3B42104871B00485B98 /* EntryVC.swift in Sources */ = {isa = PBXBuildFile; fileRef = 0CFDA3B32104871B00485B98 /* EntryVC.swift */; };
/* End PBXBuildFile section */

/* Begin PBXContainerItemProxy section */
		0CFDA3952104843900485B98 /* PBXContainerItemProxy */ = {
			isa = PBXContainerItemProxy;
			containerPortal = 0CFDA3752104843800485B98 /* Project object */;
			proxyType = 1;
			remoteGlobalIDString = 0CFDA37C2104843800485B98;
			remoteInfo = DemoCoreData;
		};
		0CFDA3A02104843900485B98 /* PBXContainerItemProxy */ = {
			isa = PBXContainerItemProxy;
			containerPortal = 0CFDA3752104843800485B98 /* Project object */;
			proxyType = 1;
			remoteGlobalIDString = 0CFDA37C2104843800485B98;
			remoteInfo = DemoCoreData;
		};
/* End PBXContainerItemProxy section */

/* Begin PBXFileReference section */
		0CFDA37D2104843800485B98 /* DemoCoreData.app */ = {isa = PBXFileReference; explicitFileType = wrapper.application; includeInIndex = 0; path = DemoCoreData.app; sourceTree = BUILT_PRODUCTS_DIR; };
		0CFDA3802104843800485B98 /* AppDelegate.swift */ = {isa = PBXFileReference; lastKnownFileType = sourcecode.swift; path = AppDelegate.swift; sourceTree = "<group>"; };
		0CFDA3822104843800485B98 /* ViewController.swift */ = {isa = PBXFileReference; lastKnownFileType = sourcecode.swift; path = ViewController.swift; sourceTree = "<group>"; };
		0CFDA3852104843800485B98 /* Base */ = {isa = PBXFileReference; lastKnownFileType = file.storyboard; name = Base; path = Base.lproj/Main.storyboard; sourceTree = "<group>"; };
		0CFDA3882104843800485B98 /* DemoCoreData.xcdatamodel */ = {isa = PBXFileReference; lastKnownFileType = wrapper.xcdatamodel; path = DemoCoreData.xcdatamodel; sourceTree = "<group>"; };
		0CFDA38A2104843900485B98 /* Assets.xcassets */ = {isa = PBXFileReference; lastKnownFileType = folder.assetcatalog; path = Assets.xcassets; sourceTree = "<group>"; };
		0CFDA38D2104843900485B98 /* Base */ = {isa = PBXFileReference; lastKnownFileType = file.storyboard; name = Base; path = Base.lproj/LaunchScreen.storyboard; sourceTree = "<group>"; };
		0CFDA38F2104843900485B98 /* Info.plist */ = {isa = PBXFileReference; lastKnownFileType = text.plist.xml; path = Info.plist; sourceTree = "<group>"; };
		0CFDA3942104843900485B98 /* DemoCoreDataTests.xctest */ = {isa = PBXFileReference; explicitFileType = wrapper.cfbundle; includeInIndex = 0; path = DemoCoreDataTests.xctest; sourceTree = BUILT_PRODUCTS_DIR; };
		0CFDA3982104843900485B98 /* DemoCoreDataTests.swift */ = {isa = PBXFileReference; lastKnownFileType = sourcecode.swift; path = DemoCoreDataTests.swift; sourceTree = "<group>"; };
		0CFDA39A2104843900485B98 /* Info.plist */ = {isa = PBXFileReference; lastKnownFileType = text.plist.xml; path = Info.plist; sourceTree = "<group>"; };
		0CFDA39F2104843900485B98 /* DemoCoreDataUITests.xctest */ = {isa = PBXFileReference; explicitFileType = wrapper.cfbundle; includeInIndex = 0; path = DemoCoreDataUITests.xctest; sourceTree = BUILT_PRODUCTS_DIR; };
		0CFDA3A32104843900485B98 /* DemoCoreDataUITests.swift */ = {isa = PBXFileReference; lastKnownFileType = sourcecode.swift; path = DemoCoreDataUITests.swift; sourceTree = "<group>"; };
		0CFDA3A52104843900485B98 /* Info.plist */ = {isa = PBXFileReference; lastKnownFileType = text.plist.xml; path = Info.plist; sourceTree = "<group>"; };
		0CFDA3B1210486FA00485B98 /* EntryCell.swift */ = {isa = PBXFileReference; lastKnownFileType = sourcecode.swift; path = EntryCell.swift; sourceTree = "<group>"; };
		0CFDA3B32104871B00485B98 /* EntryVC.swift */ = {isa = PBXFileReference; lastKnownFileType = sourcecode.swift; path = EntryVC.swift; sourceTree = "<group>"; };
/* End PBXFileReference section */

/* Begin PBXFrameworksBuildPhase section */
		0CFDA37A2104843800485B98 /* Frameworks */ = {
			isa = PBXFrameworksBuildPhase;
			buildActionMask = 2147483647;
			files = (
			);
			runOnlyForDeploymentPostprocessing = 0;
		};
		0CFDA3912104843900485B98 /* Frameworks */ = {
			isa = PBXFrameworksBuildPhase;
			buildActionMask = 2147483647;
			files = (
			);
			runOnlyForDeploymentPostprocessing = 0;
		};
		0CFDA39C2104843900485B98 /* Frameworks */ = {
			isa = PBXFrameworksBuildPhase;
			buildActionMask = 2147483647;
			files = (
			);
			runOnlyForDeploymentPostprocessing = 0;
		};
/* End PBXFrameworksBuildPhase section */

/* Begin PBXGroup section */
		0CFDA3742104843800485B98 = {
			isa = PBXGroup;
			children = (
				0CFDA37F2104843800485B98 /* DemoCoreData */,
				0CFDA3972104843900485B98 /* DemoCoreDataTests */,
				0CFDA3A22104843900485B98 /* DemoCoreDataUITests */,
				0CFDA37E2104843800485B98 /* Products */,
			);
			sourceTree = "<group>";
		};
		0CFDA37E2104843800485B98 /* Products */ = {
			isa = PBXGroup;
			children = (
				0CFDA37D2104843800485B98 /* DemoCoreData.app */,
				0CFDA3942104843900485B98 /* DemoCoreDataTests.xctest */,
				0CFDA39F2104843900485B98 /* DemoCoreDataUITests.xctest */,
			);
			name = Products;
			sourceTree = "<group>";
		};
		0CFDA37F2104843800485B98 /* DemoCoreData */ = {
			isa = PBXGroup;
			children = (
				0CFDA3802104843800485B98 /* AppDelegate.swift */,
				0CFDA3822104843800485B98 /* ViewController.swift */,
				0CFDA3B32104871B00485B98 /* EntryVC.swift */,
				0CFDA3B1210486FA00485B98 /* EntryCell.swift */,
				0CFDA3842104843800485B98 /* Main.storyboard */,
				0CFDA38A2104843900485B98 /* Assets.xcassets */,
				0CFDA38C2104843900485B98 /* LaunchScreen.storyboard */,
				0CFDA38F2104843900485B98 /* Info.plist */,
				0CFDA3872104843800485B98 /* DemoCoreData.xcdatamodeld */,
			);
			path = DemoCoreData;
			sourceTree = "<group>";
		};
		0CFDA3972104843900485B98 /* DemoCoreDataTests */ = {
			isa = PBXGroup;
			children = (
				0CFDA3982104843900485B98 /* DemoCoreDataTests.swift */,
				0CFDA39A2104843900485B98 /* Info.plist */,
			);
			path = DemoCoreDataTests;
			sourceTree = "<group>";
		};
		0CFDA3A22104843900485B98 /* DemoCoreDataUITests */ = {
			isa = PBXGroup;
			children = (
				0CFDA3A32104843900485B98 /* DemoCoreDataUITests.swift */,
				0CFDA3A52104843900485B98 /* Info.plist */,
			);
			path = DemoCoreDataUITests;
			sourceTree = "<group>";
		};
/* End PBXGroup section */

/* Begin PBXNativeTarget section */
		0CFDA37C2104843800485B98 /* DemoCoreData */ = {
			isa = PBXNativeTarget;
			buildConfigurationList = 0CFDA3A82104843900485B98 /* Build configuration list for PBXNativeTarget "DemoCoreData" */;
			buildPhases = (
				0CFDA3792104843800485B98 /* Sources */,
				0CFDA37A2104843800485B98 /* Frameworks */,
				0CFDA37B2104843800485B98 /* Resources */,
			);
			buildRules = (
			);
			dependencies = (
			);
			name = DemoCoreData;
			productName = DemoCoreData;
			productReference = 0CFDA37D2104843800485B98 /* DemoCoreData.app */;
			productType = "com.apple.product-type.application";
		};
		0CFDA3932104843900485B98 /* DemoCoreDataTests */ = {
			isa = PBXNativeTarget;
			buildConfigurationList = 0CFDA3AB2104843900485B98 /* Build configuration list for PBXNativeTarget "DemoCoreDataTests" */;
			buildPhases = (
				0CFDA3902104843900485B98 /* Sources */,
				0CFDA3912104843900485B98 /* Frameworks */,
				0CFDA3922104843900485B98 /* Resources */,
			);
			buildRules = (
			);
			dependencies = (
				0CFDA3962104843900485B98 /* PBXTargetDependency */,
			);
			name = DemoCoreDataTests;
			productName = DemoCoreDataTests;
			productReference = 0CFDA3942104843900485B98 /* DemoCoreDataTests.xctest */;
			productType = "com.apple.product-type.bundle.unit-test";
		};
		0CFDA39E2104843900485B98 /* DemoCoreDataUITests */ = {
			isa = PBXNativeTarget;
			buildConfigurationList = 0CFDA3AE2104843900485B98 /* Build configuration list for PBXNativeTarget "DemoCoreDataUITests" */;
			buildPhases = (
				0CFDA39B2104843900485B98 /* Sources */,
				0CFDA39C2104843900485B98 /* Frameworks */,
				0CFDA39D2104843900485B98 /* Resources */,
			);
			buildRules = (
			);
			dependencies = (
				0CFDA3A12104843900485B98 /* PBXTargetDependency */,
			);
			name = DemoCoreDataUITests;
			productName = DemoCoreDataUITests;
			productReference = 0CFDA39F2104843900485B98 /* DemoCoreDataUITests.xctest */;
			productType = "com.apple.product-type.bundle.ui-testing";
		};
/* End PBXNativeTarget section */

/* Begin PBXProject section */
		0CFDA3752104843800485B98 /* Project object */ = {
			isa = PBXProject;
			attributes = {
				LastSwiftUpdateCheck = 0930;
				LastUpgradeCheck = 0930;
				ORGANIZATIONNAME = "Luy Nguyen";
				TargetAttributes = {
					0CFDA37C2104843800485B98 = {
						CreatedOnToolsVersion = 9.3.1;
					};
					0CFDA3932104843900485B98 = {
						CreatedOnToolsVersion = 9.3.1;
						TestTargetID = 0CFDA37C2104843800485B98;
					};
					0CFDA39E2104843900485B98 = {
						CreatedOnToolsVersion = 9.3.1;
						TestTargetID = 0CFDA37C2104843800485B98;
					};
				};
			};
			buildConfigurationList = 0CFDA3782104843800485B98 /* Build configuration list for PBXProject "DemoCoreData" */;
			compatibilityVersion = "Xcode 9.3";
			developmentRegion = en;
			hasScannedForEncodings = 0;
			knownRegions = (
				en,
				Base,
			);
			mainGroup = 0CFDA3742104843800485B98;
			productRefGroup = 0CFDA37E2104843800485B98 /* Products */;
			projectDirPath = "";
			projectRoot = "";
			targets = (
				0CFDA37C2104843800485B98 /* DemoCoreData */,
				0CFDA3932104843900485B98 /* DemoCoreDataTests */,
				0CFDA39E2104843900485B98 /* DemoCoreDataUITests */,
			);
		};
/* End PBXProject section */

/* Begin PBXResourcesBuildPhase section */
		0CFDA37B2104843800485B98 /* Resources */ = {
			isa = PBXResourcesBuildPhase;
			buildActionMask = 2147483647;
			files = (
				0CFDA38E2104843900485B98 /* LaunchScreen.storyboard in Resources */,
				0CFDA38B2104843900485B98 /* Assets.xcassets in Resources */,
				0CFDA3862104843800485B98 /* Main.storyboard in Resources */,
			);
			runOnlyForDeploymentPostprocessing = 0;
		};
		0CFDA3922104843900485B98 /* Resources */ = {
			isa = PBXResourcesBuildPhase;
			buildActionMask = 2147483647;
			files = (
			);
			runOnlyForDeploymentPostprocessing = 0;
		};
		0CFDA39D2104843900485B98 /* Resources */ = {
			isa = PBXResourcesBuildPhase;
			buildActionMask = 2147483647;
			files = (
			);
			runOnlyForDeploymentPostprocessing = 0;
		};
/* End PBXResourcesBuildPhase section */

/* Begin PBXSourcesBuildPhase section */
		0CFDA3792104843800485B98 /* Sources */ = {
			isa = PBXSourcesBuildPhase;
			buildActionMask = 2147483647;
			files = (
				0CFDA3832104843800485B98 /* ViewController.swift in Sources */,
				0CFDA3892104843800485B98 /* DemoCoreData.xcdatamodeld in Sources */,
				0CFDA3B42104871B00485B98 /* EntryVC.swift in Sources */,
				0CFDA3812104843800485B98 /* AppDelegate.swift in Sources */,
				0CFDA3B2210486FA00485B98 /* EntryCell.swift in Sources */,
			);
			runOnlyForDeploymentPostprocessing = 0;
		};
		0CFDA3902104843900485B98 /* Sources */ = {
			isa = PBXSourcesBuildPhase;
			buildActionMask = 2147483647;
			files = (
				0CFDA3992104843900485B98 /* DemoCoreDataTests.swift in Sources */,
			);
			runOnlyForDeploymentPostprocessing = 0;
		};
		0CFDA39B2104843900485B98 /* Sources */ = {
			isa = PBXSourcesBuildPhase;
			buildActionMask = 2147483647;
			files = (
				0CFDA3A42104843900485B98 /* DemoCoreDataUITests.swift in Sources */,
			);
			runOnlyForDeploymentPostprocessing = 0;
		};
/* End PBXSourcesBuildPhase section */

/* Begin PBXTargetDependency section */
		0CFDA3962104843900485B98 /* PBXTargetDependency */ = {
			isa = PBXTargetDependency;
			target = 0CFDA37C2104843800485B98 /* DemoCoreData */;
			targetProxy = 0CFDA3952104843900485B98 /* PBXContainerItemProxy */;
		};
		0CFDA3A12104843900485B98 /* PBXTargetDependency */ = {
			isa = PBXTargetDependency;
			target = 0CFDA37C2104843800485B98 /* DemoCoreData */;
			targetProxy = 0CFDA3A02104843900485B98 /* PBXContainerItemProxy */;
		};
/* End PBXTargetDependency section */

/* Begin PBXVariantGroup section */
		0CFDA3842104843800485B98 /* Main.storyboard */ = {
			isa = PBXVariantGroup;
			children = (
				0CFDA3852104843800485B98 /* Base */,
			);
			name = Main.storyboard;
			sourceTree = "<group>";
		};
		0CFDA38C2104843900485B98 /* LaunchScreen.storyboard */ = {
			isa = PBXVariantGroup;
			children = (
				0CFDA38D2104843900485B98 /* Base */,
			);
			name = LaunchScreen.storyboard;
			sourceTree = "<group>";
		};
/* End PBXVariantGroup section */

/* Begin XCBuildConfiguration section */
		0CFDA3A62104843900485B98 /* Debug */ = {
			isa = XCBuildConfiguration;
			buildSettings = {
				ALWAYS_SEARCH_USER_PATHS = NO;
				CLANG_ANALYZER_NONNULL = YES;
				CLANG_ANALYZER_NUMBER_OBJECT_CONVERSION = YES_AGGRESSIVE;
				CLANG_CXX_LANGUAGE_STANDARD = "gnu++14";
				CLANG_CXX_LIBRARY = "libc++";
				CLANG_ENABLE_MODULES = YES;
				CLANG_ENABLE_OBJC_ARC = YES;
				CLANG_ENABLE_OBJC_WEAK = YES;
				CLANG_WARN_BLOCK_CAPTURE_AUTORELEASING = YES;
				CLANG_WARN_BOOL_CONVERSION = YES;
				CLANG_WARN_COMMA = YES;
				CLANG_WARN_CONSTANT_CONVERSION = YES;
				CLANG_WARN_DEPRECATED_OBJC_IMPLEMENTATIONS = YES;
				CLANG_WARN_DIRECT_OBJC_ISA_USAGE = YES_ERROR;
				CLANG_WARN_DOCUMENTATION_COMMENTS = YES;
				CLANG_WARN_EMPTY_BODY = YES;
				CLANG_WARN_ENUM_CONVERSION = YES;
				CLANG_WARN_INFINITE_RECURSION = YES;
				CLANG_WARN_INT_CONVERSION = YES;
				CLANG_WARN_NON_LITERAL_NULL_CONVERSION = YES;
				CLANG_WARN_OBJC_IMPLICIT_RETAIN_SELF = YES;
				CLANG_WARN_OBJC_LITERAL_CONVERSION = YES;
				CLANG_WARN_OBJC_ROOT_CLASS = YES_ERROR;
				CLANG_WARN_RANGE_LOOP_ANALYSIS = YES;
				CLANG_WARN_STRICT_PROTOTYPES = YES;
				CLANG_WARN_SUSPICIOUS_MOVE = YES;
				CLANG_WARN_UNGUARDED_AVAILABILITY = YES_AGGRESSIVE;
				CLANG_WARN_UNREACHABLE_CODE = YES;
				CLANG_WARN__DUPLICATE_METHOD_MATCH = YES;
				CODE_SIGN_IDENTITY = "iPhone Developer";
				COPY_PHASE_STRIP = NO;
				DEBUG_INFORMATION_FORMAT = dwarf;
				ENABLE_STRICT_OBJC_MSGSEND = YES;
				ENABLE_TESTABILITY = YES;
				GCC_C_LANGUAGE_STANDARD = gnu11;
				GCC_DYNAMIC_NO_PIC = NO;
				GCC_NO_COMMON_BLOCKS = YES;
				GCC_OPTIMIZATION_LEVEL = 0;
				GCC_PREPROCESSOR_DEFINITIONS = (
					"DEBUG=1",
					"$(inherited)",
				);
				GCC_WARN_64_TO_32_BIT_CONVERSION = YES;
				GCC_WARN_ABOUT_RETURN_TYPE = YES_ERROR;
				GCC_WARN_UNDECLARED_SELECTOR = YES;
				GCC_WARN_UNINITIALIZED_AUTOS = YES_AGGRESSIVE;
				GCC_WARN_UNUSED_FUNCTION = YES;
				GCC_WARN_UNUSED_VARIABLE = YES;
				IPHONEOS_DEPLOYMENT_TARGET = 11.3;
				MTL_ENABLE_DEBUG_INFO = YES;
				ONLY_ACTIVE_ARCH = YES;
				SDKROOT = iphoneos;
				SWIFT_ACTIVE_COMPILATION_CONDITIONS = DEBUG;
				SWIFT_OPTIMIZATION_LEVEL = "-Onone";
			};
			name = Debug;
		};
		0CFDA3A72104843900485B98 /* Release */ = {
			isa = XCBuildConfiguration;
			buildSettings = {
				ALWAYS_SEARCH_USER_PATHS = NO;
				CLANG_ANALYZER_NONNULL = YES;
				CLANG_ANALYZER_NUMBER_OBJECT_CONVERSION = YES_AGGRESSIVE;
				CLANG_CXX_LANGUAGE_STANDARD = "gnu++14";
				CLANG_CXX_LIBRARY = "libc++";
				CLANG_ENABLE_MODULES = YES;
				CLANG_ENABLE_OBJC_ARC = YES;
				CLANG_ENABLE_OBJC_WEAK = YES;
				CLANG_WARN_BLOCK_CAPTURE_AUTORELEASING = YES;
				CLANG_WARN_BOOL_CONVERSION = YES;
				CLANG_WARN_COMMA = YES;
				CLANG_WARN_CONSTANT_CONVERSION = YES;
				CLANG_WARN_DEPRECATED_OBJC_IMPLEMENTATIONS = YES;
				CLANG_WARN_DIRECT_OBJC_ISA_USAGE = YES_ERROR;
				CLANG_WARN_DOCUMENTATION_COMMENTS = YES;
				CLANG_WARN_EMPTY_BODY = YES;
				CLANG_WARN_ENUM_CONVERSION = YES;
				CLANG_WARN_INFINITE_RECURSION = YES;
				CLANG_WARN_INT_CONVERSION = YES;
				CLANG_WARN_NON_LITERAL_NULL_CONVERSION = YES;
				CLANG_WARN_OBJC_IMPLICIT_RETAIN_SELF = YES;
				CLANG_WARN_OBJC_LITERAL_CONVERSION = YES;
				CLANG_WARN_OBJC_ROOT_CLASS = YES_ERROR;
				CLANG_WARN_RANGE_LOOP_ANALYSIS = YES;
				CLANG_WARN_STRICT_PROTOTYPES = YES;
				CLANG_WARN_SUSPICIOUS_MOVE = YES;
				CLANG_WARN_UNGUARDED_AVAILABILITY = YES_AGGRESSIVE;
				CLANG_WARN_UNREACHABLE_CODE = YES;
				CLANG_WARN__DUPLICATE_METHOD_MATCH = YES;
				CODE_SIGN_IDENTITY = "iPhone Developer";
				COPY_PHASE_STRIP = NO;
				DEBUG_INFORMATION_FORMAT = "dwarf-with-dsym";
				ENABLE_NS_ASSERTIONS = NO;
				ENABLE_STRICT_OBJC_MSGSEND = YES;
				GCC_C_LANGUAGE_STANDARD = gnu11;
				GCC_NO_COMMON_BLOCKS = YES;
				GCC_WARN_64_TO_32_BIT_CONVERSION = YES;
				GCC_WARN_ABOUT_RETURN_TYPE = YES_ERROR;
				GCC_WARN_UNDECLARED_SELECTOR = YES;
				GCC_WARN_UNINITIALIZED_AUTOS = YES_AGGRESSIVE;
				GCC_WARN_UNUSED_FUNCTION = YES;
				GCC_WARN_UNUSED_VARIABLE = YES;
				IPHONEOS_DEPLOYMENT_TARGET = 11.3;
				MTL_ENABLE_DEBUG_INFO = NO;
				SDKROOT = iphoneos;
				SWIFT_COMPILATION_MODE = wholemodule;
				SWIFT_OPTIMIZATION_LEVEL = "-O";
				VALIDATE_PRODUCT = YES;
			};
			name = Release;
		};
		0CFDA3A92104843900485B98 /* Debug */ = {
			isa = XCBuildConfiguration;
			buildSettings = {
				ASSETCATALOG_COMPILER_APPICON_NAME = AppIcon;
				CODE_SIGN_STYLE = Automatic;
				INFOPLIST_FILE = DemoCoreData/Info.plist;
				LD_RUNPATH_SEARCH_PATHS = (
					"$(inherited)",
					"@executable_path/Frameworks",
				);
				PRODUCT_BUNDLE_IDENTIFIER = Luy.DemoCoreData;
				PRODUCT_NAME = "$(TARGET_NAME)";
				SWIFT_VERSION = 4.0;
				TARGETED_DEVICE_FAMILY = "1,2";
			};
			name = Debug;
		};
		0CFDA3AA2104843900485B98 /* Release */ = {
			isa = XCBuildConfiguration;
			buildSettings = {
				ASSETCATALOG_COMPILER_APPICON_NAME = AppIcon;
				CODE_SIGN_STYLE = Automatic;
				INFOPLIST_FILE = DemoCoreData/Info.plist;
				LD_RUNPATH_SEARCH_PATHS = (
					"$(inherited)",
					"@executable_path/Frameworks",
				);
				PRODUCT_BUNDLE_IDENTIFIER = Luy.DemoCoreData;
				PRODUCT_NAME = "$(TARGET_NAME)";
				SWIFT_VERSION = 4.0;
				TARGETED_DEVICE_FAMILY = "1,2";
			};
			name = Release;
		};
		0CFDA3AC2104843900485B98 /* Debug */ = {
			isa = XCBuildConfiguration;
			buildSettings = {
				ALWAYS_EMBED_SWIFT_STANDARD_LIBRARIES = YES;
				BUNDLE_LOADER = "$(TEST_HOST)";
				CODE_SIGN_STYLE = Automatic;
				INFOPLIST_FILE = DemoCoreDataTests/Info.plist;
				LD_RUNPATH_SEARCH_PATHS = (
					"$(inherited)",
					"@executable_path/Frameworks",
					"@loader_path/Frameworks",
				);
				PRODUCT_BUNDLE_IDENTIFIER = Luy.DemoCoreDataTests;
				PRODUCT_NAME = "$(TARGET_NAME)";
				SWIFT_VERSION = 4.0;
				TARGETED_DEVICE_FAMILY = "1,2";
				TEST_HOST = "$(BUILT_PRODUCTS_DIR)/DemoCoreData.app/DemoCoreData";
			};
			name = Debug;
		};
		0CFDA3AD2104843900485B98 /* Release */ = {
			isa = XCBuildConfiguration;
			buildSettings = {
				ALWAYS_EMBED_SWIFT_STANDARD_LIBRARIES = YES;
				BUNDLE_LOADER = "$(TEST_HOST)";
				CODE_SIGN_STYLE = Automatic;
				INFOPLIST_FILE = DemoCoreDataTests/Info.plist;
				LD_RUNPATH_SEARCH_PATHS = (
					"$(inherited)",
					"@executable_path/Frameworks",
					"@loader_path/Frameworks",
				);
				PRODUCT_BUNDLE_IDENTIFIER = Luy.DemoCoreDataTests;
				PRODUCT_NAME = "$(TARGET_NAME)";
				SWIFT_VERSION = 4.0;
				TARGETED_DEVICE_FAMILY = "1,2";
				TEST_HOST = "$(BUILT_PRODUCTS_DIR)/DemoCoreData.app/DemoCoreData";
			};
			name = Release;
		};
		0CFDA3AF2104843900485B98 /* Debug */ = {
			isa = XCBuildConfiguration;
			buildSettings = {
				ALWAYS_EMBED_SWIFT_STANDARD_LIBRARIES = YES;
				CODE_SIGN_STYLE = Automatic;
				INFOPLIST_FILE = DemoCoreDataUITests/Info.plist;
				LD_RUNPATH_SEARCH_PATHS = (
					"$(inherited)",
					"@executable_path/Frameworks",
					"@loader_path/Frameworks",
				);
				PRODUCT_BUNDLE_IDENTIFIER = Luy.DemoCoreDataUITests;
				PRODUCT_NAME = "$(TARGET_NAME)";
				SWIFT_VERSION = 4.0;
				TARGETED_DEVICE_FAMILY = "1,2";
				TEST_TARGET_NAME = DemoCoreData;
			};
			name = Debug;
		};
		0CFDA3B02104843900485B98 /* Release */ = {
			isa = XCBuildConfiguration;
			buildSettings = {
				ALWAYS_EMBED_SWIFT_STANDARD_LIBRARIES = YES;
				CODE_SIGN_STYLE = Automatic;
				INFOPLIST_FILE = DemoCoreDataUITests/Info.plist;
				LD_RUNPATH_SEARCH_PATHS = (
					"$(inherited)",
					"@executable_path/Frameworks",
					"@loader_path/Frameworks",
				);
				PRODUCT_BUNDLE_IDENTIFIER = Luy.DemoCoreDataUITests;
				PRODUCT_NAME = "$(TARGET_NAME)";
				SWIFT_VERSION = 4.0;
				TARGETED_DEVICE_FAMILY = "1,2";
				TEST_TARGET_NAME = DemoCoreData;
			};
			name = Release;
		};
/* End XCBuildConfiguration section */

/* Begin XCConfigurationList section */
		0CFDA3782104843800485B98 /* Build configuration list for PBXProject "DemoCoreData" */ = {
			isa = XCConfigurationList;
			buildConfigurations = (
				0CFDA3A62104843900485B98 /* Debug */,
				0CFDA3A72104843900485B98 /* Release */,
			);
			defaultConfigurationIsVisible = 0;
			defaultConfigurationName = Release;
		};
		0CFDA3A82104843900485B98 /* Build configuration list for PBXNativeTarget "DemoCoreData" */ = {
			isa = XCConfigurationList;
			buildConfigurations = (
				0CFDA3A92104843900485B98 /* Debug */,
				0CFDA3AA2104843900485B98 /* Release */,
			);
			defaultConfigurationIsVisible = 0;
			defaultConfigurationName = Release;
		};
		0CFDA3AB2104843900485B98 /* Build configuration list for PBXNativeTarget "DemoCoreDataTests" */ = {
			isa = XCConfigurationList;
			buildConfigurations = (
				0CFDA3AC2104843900485B98 /* Debug */,
				0CFDA3AD2104843900485B98 /* Release */,
			);
			defaultConfigurationIsVisible = 0;
			defaultConfigurationName = Release;
		};
		0CFDA3AE2104843900485B98 /* Build configuration list for PBXNativeTarget "DemoCoreDataUITests" */ = {
			isa = XCConfigurationList;
			buildConfigurations = (
				0CFDA3AF2104843900485B98 /* Debug */,
				0CFDA3B02104843900485B98 /* Release */,
			);
			defaultConfigurationIsVisible = 0;
			defaultConfigurationName = Release;
		};
/* End XCConfigurationList section */

/* Begin XCVersionGroup section */
		0CFDA3872104843800485B98 /* DemoCoreData.xcdatamodeld */ = {
			isa = XCVersionGroup;
			children = (
				0CFDA3882104843800485B98 /* DemoCoreData.xcdatamodel */,
			);
			currentVersion = 0CFDA3882104843800485B98 /* DemoCoreData.xcdatamodel */;
			path = DemoCoreData.xcdatamodeld;
			sourceTree = "<group>";
			versionGroupType = wrapper.xcdatamodel;
		};
/* End XCVersionGroup section */
	};
	rootObject = 0CFDA3752104843800485B98 /* Project object */;
}
